<?xml version="1.0" encoding="utf-8"?>
<Project ToolsVersion="4.0" xmlns="http://schemas.microsoft.com/developer/msbuild/2003">
  <ItemGroup>
    <Filter Include="src">
      <UniqueIdentifier>{0ee4eab3-00d6-4786-bf5b-47f1bc8d06cc}</UniqueIdentifier>
    </Filter>
    <Filter Include="src\ArborEngine">
      <UniqueIdentifier>{0dbf9f36-3023-4f54-a0e4-695f8902c8d1}</UniqueIdentifier>
    </Filter>
  </ItemGroup>
  <ItemGroup>
    <ClInclude Include="Core.h">
      <Filter>src\ArborEngine</Filter>
    </ClInclude>
    <ClInclude Include="Application.h">
      <Filter>src\ArborEngine</Filter>
    </ClInclude>
    <ClInclude Include="Arbor_Engine.h">
      <Filter>src</Filter>
    </ClInclude>
    <ClInclude Include="EntryPoint.h">
      <Filter>src\ArborEngine</Filter>
    </ClInclude>
  </ItemGroup>
  <ItemGroup>
    <ClCompile Include="Application.cpp">
      <Filter>src\ArborEngine</Filter>
    </ClCompile>
  </ItemGroup>
</Project>